
Microsoft Visual Studio Solution File, Format Version 12.00
# Visual Studio 2012
Project("{FAE04EC0-301F-11D3-BF4B-00C04F79EFBC}") = "Delete", "Delete\Delete.csproj", "{766FBBD8-1D01-44F9-88A0-324058025013}"
EndProject
Global
	GlobalSection(SolutionConfigurationPlatforms) = preSolution
		Debug|Any CPU = Debug|Any CPU
		Release|Any CPU = Release|Any CPU
	EndGlobalSection
	GlobalSection(ProjectConfigurationPlatforms) = postSolution
		{766FBBD8-1D01-44F9-88A0-324058025013}.Debug|Any CPU.ActiveCfg = Debug|Any CPU
		{766FBBD8-1D01-44F9-88A0-324058025013}.Debug|Any CPU.Build.0 = Debug|Any CPU
		{766FBBD8-1D01-44F9-88A0-324058025013}.Release|Any CPU.ActiveCfg = Release|Any CPU
		{766FBBD8-1D01-44F9-88A0-324058025013}.Release|Any CPU.Build.0 = Release|Any CPU
	EndGlobalSection
	GlobalSection(SolutionProperties) = preSolution
		HideSolutionNode = FALSE
	EndGlobalSection
EndGlobal
